
Microsoft Visual Studio Solution File, Format Version 12.00
# Visual Studio Version 16
VisualStudioVersion = 16.0.30011.22
MinimumVisualStudioVersion = 10.0.40219.1
Project("{FAE04EC0-301F-11D3-BF4B-00C04F79EFBC}") = "L01_Introduction", "L01_Introduction\L01_Introduction.csproj", "{A506D25F-157E-4706-BE43-E68E12D1D4FD}"
EndProject
Project("{FAE04EC0-301F-11D3-BF4B-00C04F79EFBC}") = "L01_HomeWork", "L01_HomeWork\L01_HomeWork.csproj", "{D20CEE71-C3D3-424B-BF57-F3B5CBFA49CB}"
EndProject
Project("{FAE04EC0-301F-11D3-BF4B-00C04F79EFBC}") = "L02_Routing", "L02_Routing\L02_Routing.csproj", "{57B49DD4-7C24-4D32-93D1-3F0995873C1F}"
EndProject
Project("{FAE04EC0-301F-11D3-BF4B-00C04F79EFBC}") = "L02_HomeWorkA", "L02_HomeWorkA\L02_HomeWorkA.csproj", "{410ACE44-673C-4D86-89F1-A2E0CEA769B1}"
EndProject
Project("{FAE04EC0-301F-11D3-BF4B-00C04F79EFBC}") = "L02_HomeWorkB", "L02_HomeWorkB\L02_HomeWorkB.csproj", "{71EA4560-009D-40D5-A04E-72C9F7EDFCCF}"
EndProject
Project("{FAE04EC0-301F-11D3-BF4B-00C04F79EFBC}") = "L03_Views", "L03_Views\L03_Views.csproj", "{25B41EE6-F357-4A58-9AD3-D6E6322E0076}"
EndProject
Project("{FAE04EC0-301F-11D3-BF4B-00C04F79EFBC}") = "L03_HomeWorkA", "L03_HomeWorkA\L03_HomeWorkA.csproj", "{C6922020-442F-41A6-8BF9-8C18ED7B7698}"
EndProject
Project("{FAE04EC0-301F-11D3-BF4B-00C04F79EFBC}") = "L03_HomeWorkB", "L03_HomeWorkB\L03_HomeWorkB.csproj", "{A184BC50-CBCE-4A94-8669-B13024714531}"
EndProject
Project("{FAE04EC0-301F-11D3-BF4B-00C04F79EFBC}") = "L04_ControllersAndActions", "L04_ControllersAndActions\L04_ControllersAndActions.csproj", "{31423619-DCC9-4E5E-8302-53DBDC4EEC22}"
EndProject
Project("{FAE04EC0-301F-11D3-BF4B-00C04F79EFBC}") = "L04_HomeWorkA", "L04_HomeWorkA\L04_HomeWorkA.csproj", "{C8B80B35-F56D-407B-9FEF-71CA5EAC6F31}"
EndProject
Project("{FAE04EC0-301F-11D3-BF4B-00C04F79EFBC}") = "L04_HomeWorkB", "L04_HomeWorkB\L04_HomeWorkB.csproj", "{41E23F19-C64C-4723-BE41-DDE21623828D}"
EndProject
Project("{FAE04EC0-301F-11D3-BF4B-00C04F79EFBC}") = "L05_HtmlHelperMethods", "L05_HtmlHelperMethods\L05_HtmlHelperMethods.csproj", "{3A19E3DB-89A2-4FCC-9220-6C93F430E967}"
EndProject
Project("{FAE04EC0-301F-11D3-BF4B-00C04F79EFBC}") = "L05_HomeWorkA", "L05_HomeWorkA\L05_HomeWorkA.csproj", "{B637DA80-7089-4E17-B032-CDB706460430}"
EndProject
Project("{FAE04EC0-301F-11D3-BF4B-00C04F79EFBC}") = "L05_HomeWorkB", "L05_HomeWorkB\L05_HomeWorkB.csproj", "{A4B36EB8-9340-40E1-B3F4-9A396BF873D2}"
EndProject
Project("{FAE04EC0-301F-11D3-BF4B-00C04F79EFBC}") = "L06_TemplatedHelperMethods", "L06_TemplatedHelperMethods\L06_TemplatedHelperMethods.csproj", "{EC87D796-6628-42BD-83D8-C7CD4270C7A6}"
EndProject
Project("{FAE04EC0-301F-11D3-BF4B-00C04F79EFBC}") = "L06_HomeWorkA", "L06_HomeWorkA\L06_HomeWorkA.csproj", "{BD59A63D-28BC-4068-A971-65C71BC689EA}"
EndProject
Project("{FAE04EC0-301F-11D3-BF4B-00C04F79EFBC}") = "L06_HomeWorkB1", "L06_HomeWorkB1\L06_HomeWorkB1.csproj", "{EC06216B-5251-4493-9928-A34084E9C863}"
EndProject
Project("{FAE04EC0-301F-11D3-BF4B-00C04F79EFBC}") = "L06_HomeWorkB2", "L06_HomeWorkB2\L06_HomeWorkB2.csproj", "{B52292B7-505C-4ED1-A8F9-3007F50EC09E}"
EndProject
Global
	GlobalSection(SolutionConfigurationPlatforms) = preSolution
		Debug|Any CPU = Debug|Any CPU
		Release|Any CPU = Release|Any CPU
	EndGlobalSection
	GlobalSection(ProjectConfigurationPlatforms) = postSolution
		{A506D25F-157E-4706-BE43-E68E12D1D4FD}.Debug|Any CPU.ActiveCfg = Debug|Any CPU
		{A506D25F-157E-4706-BE43-E68E12D1D4FD}.Debug|Any CPU.Build.0 = Debug|Any CPU
		{A506D25F-157E-4706-BE43-E68E12D1D4FD}.Release|Any CPU.ActiveCfg = Release|Any CPU
		{A506D25F-157E-4706-BE43-E68E12D1D4FD}.Release|Any CPU.Build.0 = Release|Any CPU
		{D20CEE71-C3D3-424B-BF57-F3B5CBFA49CB}.Debug|Any CPU.ActiveCfg = Debug|Any CPU
		{D20CEE71-C3D3-424B-BF57-F3B5CBFA49CB}.Debug|Any CPU.Build.0 = Debug|Any CPU
		{D20CEE71-C3D3-424B-BF57-F3B5CBFA49CB}.Release|Any CPU.ActiveCfg = Release|Any CPU
		{D20CEE71-C3D3-424B-BF57-F3B5CBFA49CB}.Release|Any CPU.Build.0 = Release|Any CPU
		{57B49DD4-7C24-4D32-93D1-3F0995873C1F}.Debug|Any CPU.ActiveCfg = Debug|Any CPU
		{57B49DD4-7C24-4D32-93D1-3F0995873C1F}.Debug|Any CPU.Build.0 = Debug|Any CPU
		{57B49DD4-7C24-4D32-93D1-3F0995873C1F}.Release|Any CPU.ActiveCfg = Release|Any CPU
		{57B49DD4-7C24-4D32-93D1-3F0995873C1F}.Release|Any CPU.Build.0 = Release|Any CPU
		{410ACE44-673C-4D86-89F1-A2E0CEA769B1}.Debug|Any CPU.ActiveCfg = Debug|Any CPU
		{410ACE44-673C-4D86-89F1-A2E0CEA769B1}.Debug|Any CPU.Build.0 = Debug|Any CPU
		{410ACE44-673C-4D86-89F1-A2E0CEA769B1}.Release|Any CPU.ActiveCfg = Release|Any CPU
		{410ACE44-673C-4D86-89F1-A2E0CEA769B1}.Release|Any CPU.Build.0 = Release|Any CPU
		{71EA4560-009D-40D5-A04E-72C9F7EDFCCF}.Debug|Any CPU.ActiveCfg = Debug|Any CPU
		{71EA4560-009D-40D5-A04E-72C9F7EDFCCF}.Debug|Any CPU.Build.0 = Debug|Any CPU
		{71EA4560-009D-40D5-A04E-72C9F7EDFCCF}.Release|Any CPU.ActiveCfg = Release|Any CPU
		{71EA4560-009D-40D5-A04E-72C9F7EDFCCF}.Release|Any CPU.Build.0 = Release|Any CPU
		{25B41EE6-F357-4A58-9AD3-D6E6322E0076}.Debug|Any CPU.ActiveCfg = Debug|Any CPU
		{25B41EE6-F357-4A58-9AD3-D6E6322E0076}.Debug|Any CPU.Build.0 = Debug|Any CPU
		{25B41EE6-F357-4A58-9AD3-D6E6322E0076}.Release|Any CPU.ActiveCfg = Release|Any CPU
		{25B41EE6-F357-4A58-9AD3-D6E6322E0076}.Release|Any CPU.Build.0 = Release|Any CPU
		{C6922020-442F-41A6-8BF9-8C18ED7B7698}.Debug|Any CPU.ActiveCfg = Debug|Any CPU
		{C6922020-442F-41A6-8BF9-8C18ED7B7698}.Debug|Any CPU.Build.0 = Debug|Any CPU
		{C6922020-442F-41A6-8BF9-8C18ED7B7698}.Release|Any CPU.ActiveCfg = Release|Any CPU
		{C6922020-442F-41A6-8BF9-8C18ED7B7698}.Release|Any CPU.Build.0 = Release|Any CPU
		{A184BC50-CBCE-4A94-8669-B13024714531}.Debug|Any CPU.ActiveCfg = Debug|Any CPU
		{A184BC50-CBCE-4A94-8669-B13024714531}.Debug|Any CPU.Build.0 = Debug|Any CPU
		{A184BC50-CBCE-4A94-8669-B13024714531}.Release|Any CPU.ActiveCfg = Release|Any CPU
		{A184BC50-CBCE-4A94-8669-B13024714531}.Release|Any CPU.Build.0 = Release|Any CPU
		{31423619-DCC9-4E5E-8302-53DBDC4EEC22}.Debug|Any CPU.ActiveCfg = Debug|Any CPU
		{31423619-DCC9-4E5E-8302-53DBDC4EEC22}.Debug|Any CPU.Build.0 = Debug|Any CPU
		{31423619-DCC9-4E5E-8302-53DBDC4EEC22}.Release|Any CPU.ActiveCfg = Release|Any CPU
		{31423619-DCC9-4E5E-8302-53DBDC4EEC22}.Release|Any CPU.Build.0 = Release|Any CPU
		{C8B80B35-F56D-407B-9FEF-71CA5EAC6F31}.Debug|Any CPU.ActiveCfg = Debug|Any CPU
		{C8B80B35-F56D-407B-9FEF-71CA5EAC6F31}.Debug|Any CPU.Build.0 = Debug|Any CPU
		{C8B80B35-F56D-407B-9FEF-71CA5EAC6F31}.Release|Any CPU.ActiveCfg = Release|Any CPU
		{C8B80B35-F56D-407B-9FEF-71CA5EAC6F31}.Release|Any CPU.Build.0 = Release|Any CPU
		{41E23F19-C64C-4723-BE41-DDE21623828D}.Debug|Any CPU.ActiveCfg = Debug|Any CPU
		{41E23F19-C64C-4723-BE41-DDE21623828D}.Debug|Any CPU.Build.0 = Debug|Any CPU
		{41E23F19-C64C-4723-BE41-DDE21623828D}.Release|Any CPU.ActiveCfg = Release|Any CPU
		{41E23F19-C64C-4723-BE41-DDE21623828D}.Release|Any CPU.Build.0 = Release|Any CPU
		{3A19E3DB-89A2-4FCC-9220-6C93F430E967}.Debug|Any CPU.ActiveCfg = Debug|Any CPU
		{3A19E3DB-89A2-4FCC-9220-6C93F430E967}.Debug|Any CPU.Build.0 = Debug|Any CPU
		{3A19E3DB-89A2-4FCC-9220-6C93F430E967}.Release|Any CPU.ActiveCfg = Release|Any CPU
		{3A19E3DB-89A2-4FCC-9220-6C93F430E967}.Release|Any CPU.Build.0 = Release|Any CPU
		{B637DA80-7089-4E17-B032-CDB706460430}.Debug|Any CPU.ActiveCfg = Debug|Any CPU
		{B637DA80-7089-4E17-B032-CDB706460430}.Debug|Any CPU.Build.0 = Debug|Any CPU
		{B637DA80-7089-4E17-B032-CDB706460430}.Release|Any CPU.ActiveCfg = Release|Any CPU
		{B637DA80-7089-4E17-B032-CDB706460430}.Release|Any CPU.Build.0 = Release|Any CPU
		{A4B36EB8-9340-40E1-B3F4-9A396BF873D2}.Debug|Any CPU.ActiveCfg = Debug|Any CPU
		{A4B36EB8-9340-40E1-B3F4-9A396BF873D2}.Debug|Any CPU.Build.0 = Debug|Any CPU
		{A4B36EB8-9340-40E1-B3F4-9A396BF873D2}.Release|Any CPU.ActiveCfg = Release|Any CPU
		{A4B36EB8-9340-40E1-B3F4-9A396BF873D2}.Release|Any CPU.Build.0 = Release|Any CPU
		{EC87D796-6628-42BD-83D8-C7CD4270C7A6}.Debug|Any CPU.ActiveCfg = Debug|Any CPU
		{EC87D796-6628-42BD-83D8-C7CD4270C7A6}.Debug|Any CPU.Build.0 = Debug|Any CPU
		{EC87D796-6628-42BD-83D8-C7CD4270C7A6}.Release|Any CPU.ActiveCfg = Release|Any CPU
		{EC87D796-6628-42BD-83D8-C7CD4270C7A6}.Release|Any CPU.Build.0 = Release|Any CPU
		{BD59A63D-28BC-4068-A971-65C71BC689EA}.Debug|Any CPU.ActiveCfg = Debug|Any CPU
		{BD59A63D-28BC-4068-A971-65C71BC689EA}.Debug|Any CPU.Build.0 = Debug|Any CPU
		{BD59A63D-28BC-4068-A971-65C71BC689EA}.Release|Any CPU.ActiveCfg = Release|Any CPU
		{BD59A63D-28BC-4068-A971-65C71BC689EA}.Release|Any CPU.Build.0 = Release|Any CPU
		{EC06216B-5251-4493-9928-A34084E9C863}.Debug|Any CPU.ActiveCfg = Debug|Any CPU
		{EC06216B-5251-4493-9928-A34084E9C863}.Debug|Any CPU.Build.0 = Debug|Any CPU
		{EC06216B-5251-4493-9928-A34084E9C863}.Release|Any CPU.ActiveCfg = Release|Any CPU
		{EC06216B-5251-4493-9928-A34084E9C863}.Release|Any CPU.Build.0 = Release|Any CPU
		{B52292B7-505C-4ED1-A8F9-3007F50EC09E}.Debug|Any CPU.ActiveCfg = Debug|Any CPU
		{B52292B7-505C-4ED1-A8F9-3007F50EC09E}.Debug|Any CPU.Build.0 = Debug|Any CPU
		{B52292B7-505C-4ED1-A8F9-3007F50EC09E}.Release|Any CPU.ActiveCfg = Release|Any CPU
		{B52292B7-505C-4ED1-A8F9-3007F50EC09E}.Release|Any CPU.Build.0 = Release|Any CPU
	EndGlobalSection
	GlobalSection(SolutionProperties) = preSolution
		HideSolutionNode = FALSE
	EndGlobalSection
	GlobalSection(ExtensibilityGlobals) = postSolution
		SolutionGuid = {E9B77D4C-B061-42BA-A0CC-96D720915B75}
	EndGlobalSection
EndGlobal
